
Microsoft Visual Studio Solution File, Format Version 12.00
# Visual Studio Version 16
VisualStudioVersion = 16.0.29326.143
MinimumVisualStudioVersion = 10.0.40219.1
Project("{FAE04EC0-301F-11D3-BF4B-00C04F79EFBC}") = "Open-Lab-02.7", "Open-Lab-02.7\Open-Lab-02.7.csproj", "{0ADA1B2B-85C5-4C51-8F86-103E4FFCC5FD}"
EndProject
Global
	GlobalSection(SolutionConfigurationPlatforms) = preSolution
		Debug|Any CPU = Debug|Any CPU
		Release|Any CPU = Release|Any CPU
	EndGlobalSection
	GlobalSection(ProjectConfigurationPlatforms) = postSolution
		{0ADA1B2B-85C5-4C51-8F86-103E4FFCC5FD}.Debug|Any CPU.ActiveCfg = Debug|Any CPU
		{0ADA1B2B-85C5-4C51-8F86-103E4FFCC5FD}.Debug|Any CPU.Build.0 = Debug|Any CPU
		{0ADA1B2B-85C5-4C51-8F86-103E4FFCC5FD}.Release|Any CPU.ActiveCfg = Release|Any CPU
		{0ADA1B2B-85C5-4C51-8F86-103E4FFCC5FD}.Release|Any CPU.Build.0 = Release|Any CPU
	EndGlobalSection
	GlobalSection(SolutionProperties) = preSolution
		HideSolutionNode = FALSE
	EndGlobalSection
	GlobalSection(ExtensibilityGlobals) = postSolution
		SolutionGuid = {4A6A4B97-4287-48F3-BFD5-DABB1F551DE2}
	EndGlobalSection
EndGlobal
